
Microsoft Visual Studio Solution File, Format Version 12.00
# Visual Studio Version 16
VisualStudioVersion = 16.0.31729.503
MinimumVisualStudioVersion = 10.0.40219.1
Project("{9A19103F-16F7-4668-BE54-9A1E7A4F7556}") = "ContactManager", "ContactManager.csproj", "{B37075A8-9D43-4529-A471-C49C46BEED20}"
EndProject
Global
	GlobalSection(SolutionConfigurationPlatforms) = preSolution
		Debug|Any CPU = Debug|Any CPU
		Release|Any CPU = Release|Any CPU
	EndGlobalSection
	GlobalSection(ProjectConfigurationPlatforms) = postSolution
		{B37075A8-9D43-4529-A471-C49C46BEED20}.Debug|Any CPU.ActiveCfg = Debug|Any CPU
		{B37075A8-9D43-4529-A471-C49C46BEED20}.Debug|Any CPU.Build.0 = Debug|Any CPU
		{B37075A8-9D43-4529-A471-C49C46BEED20}.Release|Any CPU.ActiveCfg = Release|Any CPU
		{B37075A8-9D43-4529-A471-C49C46BEED20}.Release|Any CPU.Build.0 = Release|Any CPU
	EndGlobalSection
	GlobalSection(SolutionProperties) = preSolution
		HideSolutionNode = FALSE
	EndGlobalSection
	GlobalSection(ExtensibilityGlobals) = postSolution
		SolutionGuid = {F1CE644E-9DC2-44DF-AEF1-3BB91B8430B5}
	EndGlobalSection
EndGlobal
